// !$*UTF8*$!
{
	archiveVersion = 1;
	classes = {
	};
	objectVersion = 46;
	objects = {

/* Begin PBXBuildFile section */
		C073199D1AFBD65200213B9E /* main.m in Sources */ = {isa = PBXBuildFile; fileRef = C073199C1AFBD65200213B9E /* main.m */; };
		C07319A01AFBD65200213B9E /* AppDelegate.m in Sources */ = {isa = PBXBuildFile; fileRef = C073199F1AFBD65200213B9E /* AppDelegate.m */; };
		C07319A61AFBD65200213B9E /* ViewController.m in Sources */ = {isa = PBXBuildFile; fileRef = C07319A51AFBD65200213B9E /* ViewController.m */; };
		C07319BA1AFBD65200213B9E /* GityHubTests.m in Sources */ = {isa = PBXBuildFile; fileRef = C07319B91AFBD65200213B9E /* GityHubTests.m */; };
		C07319C91AFBD84D00213B9E /* GTRUtility.m in Sources */ = {isa = PBXBuildFile; fileRef = C07319C81AFBD84D00213B9E /* GTRUtility.m */; };
		C07319E01AFBD86100213B9E /* Event.m in Sources */ = {isa = PBXBuildFile; fileRef = C07319CB1AFBD86100213B9E /* Event.m */; };
		C07319E11AFBD86100213B9E /* Event+Persist.m in Sources */ = {isa = PBXBuildFile; fileRef = C07319CD1AFBD86100213B9E /* Event+Persist.m */; };
		C07319E21AFBD86100213B9E /* Fork.m in Sources */ = {isa = PBXBuildFile; fileRef = C07319CF1AFBD86100213B9E /* Fork.m */; };
		C07319E31AFBD86100213B9E /* Fork+Persist.m in Sources */ = {isa = PBXBuildFile; fileRef = C07319D11AFBD86100213B9E /* Fork+Persist.m */; };
		C07319E41AFBD86100213B9E /* GityHub.xcdatamodeld in Sources */ = {isa = PBXBuildFile; fileRef = C07319D21AFBD86100213B9E /* GityHub.xcdatamodeld */; };
		C07319E51AFBD86100213B9E /* NSManagedObject+Helpers.m in Sources */ = {isa = PBXBuildFile; fileRef = C07319D51AFBD86100213B9E /* NSManagedObject+Helpers.m */; };
		C07319E61AFBD86100213B9E /* Repo.m in Sources */ = {isa = PBXBuildFile; fileRef = C07319D71AFBD86100213B9E /* Repo.m */; };
		C07319E71AFBD86100213B9E /* Repo+Persist.m in Sources */ = {isa = PBXBuildFile; fileRef = C07319D91AFBD86100213B9E /* Repo+Persist.m */; };
		C07319E81AFBD86100213B9E /* RepoObject.m in Sources */ = {isa = PBXBuildFile; fileRef = C07319DB1AFBD86100213B9E /* RepoObject.m */; };
		C07319E91AFBD86100213B9E /* Watch.m in Sources */ = {isa = PBXBuildFile; fileRef = C07319DD1AFBD86100213B9E /* Watch.m */; };
		C07319EA1AFBD86100213B9E /* Watch+Persist.m in Sources */ = {isa = PBXBuildFile; fileRef = C07319DF1AFBD86100213B9E /* Watch+Persist.m */; };
		C07319EF1AFBD87200213B9E /* EventCollectionViewCell.m in Sources */ = {isa = PBXBuildFile; fileRef = C07319EC1AFBD87200213B9E /* EventCollectionViewCell.m */; };
		C07319F01AFBD87200213B9E /* UserCollectionViewCell.m in Sources */ = {isa = PBXBuildFile; fileRef = C07319EE1AFBD87200213B9E /* UserCollectionViewCell.m */; };
		C07319FB1AFBD88B00213B9E /* CollectionViewDataFetcher.m in Sources */ = {isa = PBXBuildFile; fileRef = C07319F21AFBD88B00213B9E /* CollectionViewDataFetcher.m */; };
		C07319FC1AFBD88B00213B9E /* EventsCollectionViewController.m in Sources */ = {isa = PBXBuildFile; fileRef = C07319F41AFBD88B00213B9E /* EventsCollectionViewController.m */; };
		C07319FD1AFBD88B00213B9E /* GitWebServices.m in Sources */ = {isa = PBXBuildFile; fileRef = C07319F61AFBD88B00213B9E /* GitWebServices.m */; };
		C07319FE1AFBD88B00213B9E /* Importer.m in Sources */ = {isa = PBXBuildFile; fileRef = C07319F81AFBD88B00213B9E /* Importer.m */; };
		C07319FF1AFBD88B00213B9E /* RepoDetailViewController.m in Sources */ = {isa = PBXBuildFile; fileRef = C07319FA1AFBD88B00213B9E /* RepoDetailViewController.m */; };
		C0731A051AFBDAB000213B9E /* Images.xcassets in Resources */ = {isa = PBXBuildFile; fileRef = C0731A021AFBDAB000213B9E /* Images.xcassets */; };
		C0731A061AFBDAB000213B9E /* octicons.ttf in Resources */ = {isa = PBXBuildFile; fileRef = C0731A031AFBDAB000213B9E /* octicons.ttf */; };
		C0731A131AFBE34900213B9E /* EventCollectionViewCell.xib in Resources */ = {isa = PBXBuildFile; fileRef = C0731A071AFBE34900213B9E /* EventCollectionViewCell.xib */; };
		C0731A141AFBE34900213B9E /* EventsCollectionViewController.xib in Resources */ = {isa = PBXBuildFile; fileRef = C0731A091AFBE34900213B9E /* EventsCollectionViewController.xib */; };
		C0731A151AFBE34900213B9E /* LaunchScreen.xib in Resources */ = {isa = PBXBuildFile; fileRef = C0731A0B1AFBE34900213B9E /* LaunchScreen.xib */; };
		C0731A161AFBE34900213B9E /* Main.storyboard in Resources */ = {isa = PBXBuildFile; fileRef = C0731A0D1AFBE34900213B9E /* Main.storyboard */; };
		C0731A171AFBE34900213B9E /* RepoDetailViewController.xib in Resources */ = {isa = PBXBuildFile; fileRef = C0731A0F1AFBE34900213B9E /* RepoDetailViewController.xib */; };
		C0731A181AFBE34900213B9E /* UserCollectionViewCell.xib in Resources */ = {isa = PBXBuildFile; fileRef = C0731A111AFBE34900213B9E /* UserCollectionViewCell.xib */; };
		C0731A2A1AFBEF1100213B9E /* UICollectionView+NSFetchedResultsController.m in Sources */ = {isa = PBXBuildFile; fileRef = C0731A281AFBEF1100213B9E /* UICollectionView+NSFetchedResultsController.m */; };
		C0731A2D1AFBF07A00213B9E /* CollectionViewDataFetcher_usedWith_UICV_plus_NSFRC.m in Sources */ = {isa = PBXBuildFile; fileRef = C0731A2C1AFBF07A00213B9E /* CollectionViewDataFetcher_usedWith_UICV_plus_NSFRC.m */; };
/* End PBXBuildFile section */

/* Begin PBXContainerItemProxy section */
		C07319B41AFBD65200213B9E /* PBXContainerItemProxy */ = {
			isa = PBXContainerItemProxy;
			containerPortal = C073198F1AFBD65200213B9E /* Project object */;
			proxyType = 1;
			remoteGlobalIDString = C07319961AFBD65200213B9E;
			remoteInfo = GityHub;
		};
/* End PBXContainerItemProxy section */

/* Begin PBXFileReference section */
		C07319971AFBD65200213B9E /* GityHub.app */ = {isa = PBXFileReference; explicitFileType = wrapper.application; includeInIndex = 0; path = GityHub.app; sourceTree = BUILT_PRODUCTS_DIR; };
		C073199B1AFBD65200213B9E /* Info.plist */ = {isa = PBXFileReference; lastKnownFileType = text.plist.xml; path = Info.plist; sourceTree = "<group>"; };
		C073199C1AFBD65200213B9E /* main.m */ = {isa = PBXFileReference; lastKnownFileType = sourcecode.c.objc; path = main.m; sourceTree = "<group>"; };
		C073199E1AFBD65200213B9E /* AppDelegate.h */ = {isa = PBXFileReference; lastKnownFileType = sourcecode.c.h; path = AppDelegate.h; sourceTree = "<group>"; };
		C073199F1AFBD65200213B9E /* AppDelegate.m */ = {isa = PBXFileReference; lastKnownFileType = sourcecode.c.objc; path = AppDelegate.m; sourceTree = "<group>"; };
		C07319A41AFBD65200213B9E /* ViewController.h */ = {isa = PBXFileReference; lastKnownFileType = sourcecode.c.h; path = ViewController.h; sourceTree = "<group>"; };
		C07319A51AFBD65200213B9E /* ViewController.m */ = {isa = PBXFileReference; lastKnownFileType = sourcecode.c.objc; path = ViewController.m; sourceTree = "<group>"; };
		C07319B31AFBD65200213B9E /* GityHubTests.xctest */ = {isa = PBXFileReference; explicitFileType = wrapper.cfbundle; includeInIndex = 0; path = GityHubTests.xctest; sourceTree = BUILT_PRODUCTS_DIR; };
		C07319B81AFBD65200213B9E /* Info.plist */ = {isa = PBXFileReference; lastKnownFileType = text.plist.xml; path = Info.plist; sourceTree = "<group>"; };
		C07319B91AFBD65200213B9E /* GityHubTests.m */ = {isa = PBXFileReference; lastKnownFileType = sourcecode.c.objc; path = GityHubTests.m; sourceTree = "<group>"; };
		C07319C71AFBD84C00213B9E /* GTRUtility.h */ = {isa = PBXFileReference; fileEncoding = 4; lastKnownFileType = sourcecode.c.h; name = GTRUtility.h; path = Utilities/GTRUtility.h; sourceTree = "<group>"; };
		C07319C81AFBD84D00213B9E /* GTRUtility.m */ = {isa = PBXFileReference; fileEncoding = 4; lastKnownFileType = sourcecode.c.objc; name = GTRUtility.m; path = Utilities/GTRUtility.m; sourceTree = "<group>"; };
		C07319CA1AFBD86100213B9E /* Event.h */ = {isa = PBXFileReference; fileEncoding = 4; lastKnownFileType = sourcecode.c.h; name = Event.h; path = Models/Event.h; sourceTree = "<group>"; };
		C07319CB1AFBD86100213B9E /* Event.m */ = {isa = PBXFileReference; fileEncoding = 4; lastKnownFileType = sourcecode.c.objc; name = Event.m; path = Models/Event.m; sourceTree = "<group>"; };
		C07319CC1AFBD86100213B9E /* Event+Persist.h */ = {isa = PBXFileReference; fileEncoding = 4; lastKnownFileType = sourcecode.c.h; name = "Event+Persist.h"; path = "Models/Event+Persist.h"; sourceTree = "<group>"; };
		C07319CD1AFBD86100213B9E /* Event+Persist.m */ = {isa = PBXFileReference; fileEncoding = 4; lastKnownFileType = sourcecode.c.objc; name = "Event+Persist.m"; path = "Models/Event+Persist.m"; sourceTree = "<group>"; };
		C07319CE1AFBD86100213B9E /* Fork.h */ = {isa = PBXFileReference; fileEncoding = 4; lastKnownFileType = sourcecode.c.h; name = Fork.h; path = Models/Fork.h; sourceTree = "<group>"; };
		C07319CF1AFBD86100213B9E /* Fork.m */ = {isa = PBXFileReference; fileEncoding = 4; lastKnownFileType = sourcecode.c.objc; name = Fork.m; path = Models/Fork.m; sourceTree = "<group>"; };
		C07319D01AFBD86100213B9E /* Fork+Persist.h */ = {isa = PBXFileReference; fileEncoding = 4; lastKnownFileType = sourcecode.c.h; name = "Fork+Persist.h"; path = "Models/Fork+Persist.h"; sourceTree = "<group>"; };
		C07319D11AFBD86100213B9E /* Fork+Persist.m */ = {isa = PBXFileReference; fileEncoding = 4; lastKnownFileType = sourcecode.c.objc; name = "Fork+Persist.m"; path = "Models/Fork+Persist.m"; sourceTree = "<group>"; };
		C07319D31AFBD86100213B9E /* Git_TaskRabbit.xcdatamodel */ = {isa = PBXFileReference; lastKnownFileType = wrapper.xcdatamodel; path = Git_TaskRabbit.xcdatamodel; sourceTree = "<group>"; };
		C07319D41AFBD86100213B9E /* NSManagedObject+Helpers.h */ = {isa = PBXFileReference; fileEncoding = 4; lastKnownFileType = sourcecode.c.h; name = "NSManagedObject+Helpers.h"; path = "Models/NSManagedObject+Helpers.h"; sourceTree = "<group>"; };
		C07319D51AFBD86100213B9E /* NSManagedObject+Helpers.m */ = {isa = PBXFileReference; fileEncoding = 4; lastKnownFileType = sourcecode.c.objc; name = "NSManagedObject+Helpers.m"; path = "Models/NSManagedObject+Helpers.m"; sourceTree = "<group>"; };
		C07319D61AFBD86100213B9E /* Repo.h */ = {isa = PBXFileReference; fileEncoding = 4; lastKnownFileType = sourcecode.c.h; name = Repo.h; path = Models/Repo.h; sourceTree = "<group>"; };
		C07319D71AFBD86100213B9E /* Repo.m */ = {isa = PBXFileReference; fileEncoding = 4; lastKnownFileType = sourcecode.c.objc; name = Repo.m; path = Models/Repo.m; sourceTree = "<group>"; };
		C07319D81AFBD86100213B9E /* Repo+Persist.h */ = {isa = PBXFileReference; fileEncoding = 4; lastKnownFileType = sourcecode.c.h; name = "Repo+Persist.h"; path = "Models/Repo+Persist.h"; sourceTree = "<group>"; };
		C07319D91AFBD86100213B9E /* Repo+Persist.m */ = {isa = PBXFileReference; fileEncoding = 4; lastKnownFileType = sourcecode.c.objc; name = "Repo+Persist.m"; path = "Models/Repo+Persist.m"; sourceTree = "<group>"; };
		C07319DA1AFBD86100213B9E /* RepoObject.h */ = {isa = PBXFileReference; fileEncoding = 4; lastKnownFileType = sourcecode.c.h; name = RepoObject.h; path = Models/RepoObject.h; sourceTree = "<group>"; };
		C07319DB1AFBD86100213B9E /* RepoObject.m */ = {isa = PBXFileReference; fileEncoding = 4; lastKnownFileType = sourcecode.c.objc; name = RepoObject.m; path = Models/RepoObject.m; sourceTree = "<group>"; };
		C07319DC1AFBD86100213B9E /* Watch.h */ = {isa = PBXFileReference; fileEncoding = 4; lastKnownFileType = sourcecode.c.h; name = Watch.h; path = Models/Watch.h; sourceTree = "<group>"; };
		C07319DD1AFBD86100213B9E /* Watch.m */ = {isa = PBXFileReference; fileEncoding = 4; lastKnownFileType = sourcecode.c.objc; name = Watch.m; path = Models/Watch.m; sourceTree = "<group>"; };
		C07319DE1AFBD86100213B9E /* Watch+Persist.h */ = {isa = PBXFileReference; fileEncoding = 4; lastKnownFileType = sourcecode.c.h; name = "Watch+Persist.h"; path = "Models/Watch+Persist.h"; sourceTree = "<group>"; };
		C07319DF1AFBD86100213B9E /* Watch+Persist.m */ = {isa = PBXFileReference; fileEncoding = 4; lastKnownFileType = sourcecode.c.objc; name = "Watch+Persist.m"; path = "Models/Watch+Persist.m"; sourceTree = "<group>"; };
		C07319EB1AFBD87200213B9E /* EventCollectionViewCell.h */ = {isa = PBXFileReference; fileEncoding = 4; lastKnownFileType = sourcecode.c.h; name = EventCollectionViewCell.h; path = Views/EventCollectionViewCell.h; sourceTree = "<group>"; };
		C07319EC1AFBD87200213B9E /* EventCollectionViewCell.m */ = {isa = PBXFileReference; fileEncoding = 4; lastKnownFileType = sourcecode.c.objc; name = EventCollectionViewCell.m; path = Views/EventCollectionViewCell.m; sourceTree = "<group>"; };
		C07319ED1AFBD87200213B9E /* UserCollectionViewCell.h */ = {isa = PBXFileReference; fileEncoding = 4; lastKnownFileType = sourcecode.c.h; name = UserCollectionViewCell.h; path = Views/UserCollectionViewCell.h; sourceTree = "<group>"; };
		C07319EE1AFBD87200213B9E /* UserCollectionViewCell.m */ = {isa = PBXFileReference; fileEncoding = 4; lastKnownFileType = sourcecode.c.objc; name = UserCollectionViewCell.m; path = Views/UserCollectionViewCell.m; sourceTree = "<group>"; };
		C07319F11AFBD88B00213B9E /* CollectionViewDataFetcher.h */ = {isa = PBXFileReference; fileEncoding = 4; lastKnownFileType = sourcecode.c.h; name = CollectionViewDataFetcher.h; path = Controllers/CollectionViewDataFetcher.h; sourceTree = "<group>"; };
		C07319F21AFBD88B00213B9E /* CollectionViewDataFetcher.m */ = {isa = PBXFileReference; fileEncoding = 4; lastKnownFileType = sourcecode.c.objc; name = CollectionViewDataFetcher.m; path = Controllers/CollectionViewDataFetcher.m; sourceTree = "<group>"; };
		C07319F31AFBD88B00213B9E /* EventsCollectionViewController.h */ = {isa = PBXFileReference; fileEncoding = 4; lastKnownFileType = sourcecode.c.h; name = EventsCollectionViewController.h; path = Controllers/EventsCollectionViewController.h; sourceTree = "<group>"; };
		C07319F41AFBD88B00213B9E /* EventsCollectionViewController.m */ = {isa = PBXFileReference; fileEncoding = 4; lastKnownFileType = sourcecode.c.objc; name = EventsCollectionViewController.m; path = Controllers/EventsCollectionViewController.m; sourceTree = "<group>"; };
		C07319F51AFBD88B00213B9E /* GitWebServices.h */ = {isa = PBXFileReference; fileEncoding = 4; lastKnownFileType = sourcecode.c.h; name = GitWebServices.h; path = Controllers/GitWebServices.h; sourceTree = "<group>"; };
		C07319F61AFBD88B00213B9E /* GitWebServices.m */ = {isa = PBXFileReference; fileEncoding = 4; lastKnownFileType = sourcecode.c.objc; name = GitWebServices.m; path = Controllers/GitWebServices.m; sourceTree = "<group>"; };
		C07319F71AFBD88B00213B9E /* Importer.h */ = {isa = PBXFileReference; fileEncoding = 4; lastKnownFileType = sourcecode.c.h; name = Importer.h; path = Controllers/Importer.h; sourceTree = "<group>"; };
		C07319F81AFBD88B00213B9E /* Importer.m */ = {isa = PBXFileReference; fileEncoding = 4; lastKnownFileType = sourcecode.c.objc; name = Importer.m; path = Controllers/Importer.m; sourceTree = "<group>"; };
		C07319F91AFBD88B00213B9E /* RepoDetailViewController.h */ = {isa = PBXFileReference; fileEncoding = 4; lastKnownFileType = sourcecode.c.h; name = RepoDetailViewController.h; path = Controllers/RepoDetailViewController.h; sourceTree = "<group>"; };
		C07319FA1AFBD88B00213B9E /* RepoDetailViewController.m */ = {isa = PBXFileReference; fileEncoding = 4; lastKnownFileType = sourcecode.c.objc; name = RepoDetailViewController.m; path = Controllers/RepoDetailViewController.m; sourceTree = "<group>"; };
		C0731A021AFBDAB000213B9E /* Images.xcassets */ = {isa = PBXFileReference; lastKnownFileType = folder.assetcatalog; name = Images.xcassets; path = Resources/Images.xcassets; sourceTree = "<group>"; };
		C0731A031AFBDAB000213B9E /* octicons.ttf */ = {isa = PBXFileReference; lastKnownFileType = file; name = octicons.ttf; path = Resources/octicons.ttf; sourceTree = "<group>"; };
		C0731A081AFBE34900213B9E /* Base */ = {isa = PBXFileReference; lastKnownFileType = file.xib; name = Base; path = Resources/Base.lproj/EventCollectionViewCell.xib; sourceTree = "<group>"; };
		C0731A0A1AFBE34900213B9E /* Base */ = {isa = PBXFileReference; lastKnownFileType = file.xib; name = Base; path = Resources/Base.lproj/EventsCollectionViewController.xib; sourceTree = "<group>"; };
		C0731A0C1AFBE34900213B9E /* Base */ = {isa = PBXFileReference; lastKnownFileType = file.xib; name = Base; path = Resources/Base.lproj/LaunchScreen.xib; sourceTree = "<group>"; };
		C0731A0E1AFBE34900213B9E /* Base */ = {isa = PBXFileReference; lastKnownFileType = file.storyboard; name = Base; path = Resources/Base.lproj/Main.storyboard; sourceTree = "<group>"; };
		C0731A101AFBE34900213B9E /* Base */ = {isa = PBXFileReference; lastKnownFileType = file.xib; name = Base; path = Resources/Base.lproj/RepoDetailViewController.xib; sourceTree = "<group>"; };
		C0731A121AFBE34900213B9E /* Base */ = {isa = PBXFileReference; lastKnownFileType = file.xib; name = Base; path = Resources/Base.lproj/UserCollectionViewCell.xib; sourceTree = "<group>"; };
		C0731A271AFBEF1100213B9E /* UICollectionView+NSFetchedResultsController.h */ = {isa = PBXFileReference; fileEncoding = 4; lastKnownFileType = sourcecode.c.h; name = "UICollectionView+NSFetchedResultsController.h"; path = "Controllers/UICollectionView+NSFetchedResultsController.h"; sourceTree = "<group>"; };
		C0731A281AFBEF1100213B9E /* UICollectionView+NSFetchedResultsController.m */ = {isa = PBXFileReference; fileEncoding = 4; lastKnownFileType = sourcecode.c.objc; name = "UICollectionView+NSFetchedResultsController.m"; path = "Controllers/UICollectionView+NSFetchedResultsController.m"; sourceTree = "<group>"; };
		C0731A2B1AFBF07A00213B9E /* CollectionViewDataFetcher_usedWith_UICV_plus_NSFRC.h */ = {isa = PBXFileReference; fileEncoding = 4; lastKnownFileType = sourcecode.c.h; name = CollectionViewDataFetcher_usedWith_UICV_plus_NSFRC.h; path = Controllers/CollectionViewDataFetcher_usedWith_UICV_plus_NSFRC.h; sourceTree = "<group>"; };
		C0731A2C1AFBF07A00213B9E /* CollectionViewDataFetcher_usedWith_UICV_plus_NSFRC.m */ = {isa = PBXFileReference; fileEncoding = 4; lastKnownFileType = sourcecode.c.objc; name = CollectionViewDataFetcher_usedWith_UICV_plus_NSFRC.m; path = Controllers/CollectionViewDataFetcher_usedWith_UICV_plus_NSFRC.m; sourceTree = "<group>"; };
		C0731A2E1AFBFB5F00213B9E /* GTHCommonFile.h */ = {isa = PBXFileReference; fileEncoding = 4; lastKnownFileType = sourcecode.c.h; name = GTHCommonFile.h; path = Utilities/GTHCommonFile.h; sourceTree = "<group>"; };
/* End PBXFileReference section */

/* Begin PBXFrameworksBuildPhase section */
		C07319941AFBD65200213B9E /* Frameworks */ = {
			isa = PBXFrameworksBuildPhase;
			buildActionMask = 2147483647;
			files = (
			);
			runOnlyForDeploymentPostprocessing = 0;
		};
		C07319B01AFBD65200213B9E /* Frameworks */ = {
			isa = PBXFrameworksBuildPhase;
			buildActionMask = 2147483647;
			files = (
			);
			runOnlyForDeploymentPostprocessing = 0;
		};
/* End PBXFrameworksBuildPhase section */

/* Begin PBXGroup section */
		C073198E1AFBD65200213B9E = {
			isa = PBXGroup;
			children = (
				C07319991AFBD65200213B9E /* GityHub */,
				C07319B61AFBD65200213B9E /* GityHubTests */,
				C07319981AFBD65200213B9E /* Products */,
			);
			sourceTree = "<group>";
		};
		C07319981AFBD65200213B9E /* Products */ = {
			isa = PBXGroup;
			children = (
				C07319971AFBD65200213B9E /* GityHub.app */,
				C07319B31AFBD65200213B9E /* GityHubTests.xctest */,
			);
			name = Products;
			sourceTree = "<group>";
		};
		C07319991AFBD65200213B9E /* GityHub */ = {
			isa = PBXGroup;
			children = (
				C0731A001AFBDA9400213B9E /* Resources */,
				C07319C31AFBD7C600213B9E /* Utilities */,
				C07319C51AFBD7E100213B9E /* Model */,
				C07319C41AFBD7D600213B9E /* Views */,
				C07319C61AFBD83200213B9E /* Controllers */,
				C073199E1AFBD65200213B9E /* AppDelegate.h */,
				C073199F1AFBD65200213B9E /* AppDelegate.m */,
				C07319A41AFBD65200213B9E /* ViewController.h */,
				C07319A51AFBD65200213B9E /* ViewController.m */,
				C073199A1AFBD65200213B9E /* Supporting Files */,
			);
			path = GityHub;
			sourceTree = "<group>";
		};
		C073199A1AFBD65200213B9E /* Supporting Files */ = {
			isa = PBXGroup;
			children = (
				C073199B1AFBD65200213B9E /* Info.plist */,
				C073199C1AFBD65200213B9E /* main.m */,
			);
			name = "Supporting Files";
			sourceTree = "<group>";
		};
		C07319B61AFBD65200213B9E /* GityHubTests */ = {
			isa = PBXGroup;
			children = (
				C07319B91AFBD65200213B9E /* GityHubTests.m */,
				C07319B71AFBD65200213B9E /* Supporting Files */,
			);
			path = GityHubTests;
			sourceTree = "<group>";
		};
		C07319B71AFBD65200213B9E /* Supporting Files */ = {
			isa = PBXGroup;
			children = (
				C07319B81AFBD65200213B9E /* Info.plist */,
			);
			name = "Supporting Files";
			sourceTree = "<group>";
		};
		C07319C31AFBD7C600213B9E /* Utilities */ = {
			isa = PBXGroup;
			children = (
				C0731A2E1AFBFB5F00213B9E /* GTHCommonFile.h */,
				C07319C71AFBD84C00213B9E /* GTRUtility.h */,
				C07319C81AFBD84D00213B9E /* GTRUtility.m */,
			);
			name = Utilities;
			sourceTree = "<group>";
		};
		C07319C41AFBD7D600213B9E /* Views */ = {
			isa = PBXGroup;
			children = (
				C07319EB1AFBD87200213B9E /* EventCollectionViewCell.h */,
				C07319EC1AFBD87200213B9E /* EventCollectionViewCell.m */,
				C07319ED1AFBD87200213B9E /* UserCollectionViewCell.h */,
				C07319EE1AFBD87200213B9E /* UserCollectionViewCell.m */,
			);
			name = Views;
			sourceTree = "<group>";
		};
		C07319C51AFBD7E100213B9E /* Model */ = {
			isa = PBXGroup;
			children = (
				C07319CA1AFBD86100213B9E /* Event.h */,
				C07319CB1AFBD86100213B9E /* Event.m */,
				C07319CC1AFBD86100213B9E /* Event+Persist.h */,
				C07319CD1AFBD86100213B9E /* Event+Persist.m */,
				C07319CE1AFBD86100213B9E /* Fork.h */,
				C07319CF1AFBD86100213B9E /* Fork.m */,
				C07319D01AFBD86100213B9E /* Fork+Persist.h */,
				C07319D11AFBD86100213B9E /* Fork+Persist.m */,
				C07319D41AFBD86100213B9E /* NSManagedObject+Helpers.h */,
				C07319D51AFBD86100213B9E /* NSManagedObject+Helpers.m */,
				C07319D61AFBD86100213B9E /* Repo.h */,
				C07319D71AFBD86100213B9E /* Repo.m */,
				C07319D81AFBD86100213B9E /* Repo+Persist.h */,
				C07319D91AFBD86100213B9E /* Repo+Persist.m */,
				C07319DA1AFBD86100213B9E /* RepoObject.h */,
				C07319DB1AFBD86100213B9E /* RepoObject.m */,
				C07319DC1AFBD86100213B9E /* Watch.h */,
				C07319DD1AFBD86100213B9E /* Watch.m */,
				C07319DE1AFBD86100213B9E /* Watch+Persist.h */,
				C07319DF1AFBD86100213B9E /* Watch+Persist.m */,
				C07319D21AFBD86100213B9E /* GityHub.xcdatamodeld */,
			);
			name = Model;
			sourceTree = "<group>";
		};
		C07319C61AFBD83200213B9E /* Controllers */ = {
			isa = PBXGroup;
			children = (
				C0731A241AFBEEEA00213B9E /* Alt CollectionViewDataFetcher */,
				C0731A231AFBEED400213B9E /* Web Services */,
				C07319F11AFBD88B00213B9E /* CollectionViewDataFetcher.h */,
				C07319F21AFBD88B00213B9E /* CollectionViewDataFetcher.m */,
				C07319F91AFBD88B00213B9E /* RepoDetailViewController.h */,
				C07319FA1AFBD88B00213B9E /* RepoDetailViewController.m */,
				C07319F31AFBD88B00213B9E /* EventsCollectionViewController.h */,
				C07319F41AFBD88B00213B9E /* EventsCollectionViewController.m */,
			);
			name = Controllers;
			sourceTree = "<group>";
		};
		C0731A001AFBDA9400213B9E /* Resources */ = {
			isa = PBXGroup;
			children = (
				C0731A071AFBE34900213B9E /* EventCollectionViewCell.xib */,
				C0731A091AFBE34900213B9E /* EventsCollectionViewController.xib */,
				C0731A0B1AFBE34900213B9E /* LaunchScreen.xib */,
				C0731A0D1AFBE34900213B9E /* Main.storyboard */,
				C0731A0F1AFBE34900213B9E /* RepoDetailViewController.xib */,
				C0731A111AFBE34900213B9E /* UserCollectionViewCell.xib */,
				C0731A021AFBDAB000213B9E /* Images.xcassets */,
				C0731A031AFBDAB000213B9E /* octicons.ttf */,
			);
			name = Resources;
			sourceTree = "<group>";
		};
		C0731A231AFBEED400213B9E /* Web Services */ = {
			isa = PBXGroup;
			children = (
				C07319F51AFBD88B00213B9E /* GitWebServices.h */,
				C07319F61AFBD88B00213B9E /* GitWebServices.m */,
				C07319F71AFBD88B00213B9E /* Importer.h */,
				C07319F81AFBD88B00213B9E /* Importer.m */,
			);
			name = "Web Services";
			sourceTree = "<group>";
		};
		C0731A241AFBEEEA00213B9E /* Alt CollectionViewDataFetcher */ = {
			isa = PBXGroup;
			children = (
				C0731A2B1AFBF07A00213B9E /* CollectionViewDataFetcher_usedWith_UICV_plus_NSFRC.h */,
				C0731A2C1AFBF07A00213B9E /* CollectionViewDataFetcher_usedWith_UICV_plus_NSFRC.m */,
				C0731A271AFBEF1100213B9E /* UICollectionView+NSFetchedResultsController.h */,
				C0731A281AFBEF1100213B9E /* UICollectionView+NSFetchedResultsController.m */,
			);
			name = "Alt CollectionViewDataFetcher";
			sourceTree = "<group>";
		};
/* End PBXGroup section */

/* Begin PBXNativeTarget section */
		C07319961AFBD65200213B9E /* GityHub */ = {
			isa = PBXNativeTarget;
			buildConfigurationList = C07319BD1AFBD65200213B9E /* Build configuration list for PBXNativeTarget "GityHub" */;
			buildPhases = (
				C07319931AFBD65200213B9E /* Sources */,
				C07319941AFBD65200213B9E /* Frameworks */,
				C07319951AFBD65200213B9E /* Resources */,
			);
			buildRules = (
			);
			dependencies = (
			);
			name = GityHub;
			productName = GityHub;
			productReference = C07319971AFBD65200213B9E /* GityHub.app */;
			productType = "com.apple.product-type.application";
		};
		C07319B21AFBD65200213B9E /* GityHubTests */ = {
			isa = PBXNativeTarget;
			buildConfigurationList = C07319C01AFBD65200213B9E /* Build configuration list for PBXNativeTarget "GityHubTests" */;
			buildPhases = (
				C07319AF1AFBD65200213B9E /* Sources */,
				C07319B01AFBD65200213B9E /* Frameworks */,
				C07319B11AFBD65200213B9E /* Resources */,
			);
			buildRules = (
			);
			dependencies = (
				C07319B51AFBD65200213B9E /* PBXTargetDependency */,
			);
			name = GityHubTests;
			productName = GityHubTests;
			productReference = C07319B31AFBD65200213B9E /* GityHubTests.xctest */;
			productType = "com.apple.product-type.bundle.unit-test";
		};
/* End PBXNativeTarget section */

/* Begin PBXProject section */
		C073198F1AFBD65200213B9E /* Project object */ = {
			isa = PBXProject;
			attributes = {
				LastUpgradeCheck = 0630;
				ORGANIZATIONNAME = "nearIM, Inc.";
				TargetAttributes = {
					C07319961AFBD65200213B9E = {
						CreatedOnToolsVersion = 6.3.1;
					};
					C07319B21AFBD65200213B9E = {
						CreatedOnToolsVersion = 6.3.1;
						TestTargetID = C07319961AFBD65200213B9E;
					};
				};
			};
			buildConfigurationList = C07319921AFBD65200213B9E /* Build configuration list for PBXProject "GityHub" */;
			compatibilityVersion = "Xcode 3.2";
			developmentRegion = English;
			hasScannedForEncodings = 0;
			knownRegions = (
				en,
				Base,
			);
			mainGroup = C073198E1AFBD65200213B9E;
			productRefGroup = C07319981AFBD65200213B9E /* Products */;
			projectDirPath = "";
			projectRoot = "";
			targets = (
				C07319961AFBD65200213B9E /* GityHub */,
				C07319B21AFBD65200213B9E /* GityHubTests */,
			);
		};
/* End PBXProject section */

/* Begin PBXResourcesBuildPhase section */
		C07319951AFBD65200213B9E /* Resources */ = {
			isa = PBXResourcesBuildPhase;
			buildActionMask = 2147483647;
			files = (
				C0731A151AFBE34900213B9E /* LaunchScreen.xib in Resources */,
				C0731A181AFBE34900213B9E /* UserCollectionViewCell.xib in Resources */,
				C0731A061AFBDAB000213B9E /* octicons.ttf in Resources */,
				C0731A051AFBDAB000213B9E /* Images.xcassets in Resources */,
				C0731A171AFBE34900213B9E /* RepoDetailViewController.xib in Resources */,
				C0731A161AFBE34900213B9E /* Main.storyboard in Resources */,
				C0731A131AFBE34900213B9E /* EventCollectionViewCell.xib in Resources */,
				C0731A141AFBE34900213B9E /* EventsCollectionViewController.xib in Resources */,
			);
			runOnlyForDeploymentPostprocessing = 0;
		};
		C07319B11AFBD65200213B9E /* Resources */ = {
			isa = PBXResourcesBuildPhase;
			buildActionMask = 2147483647;
			files = (
			);
			runOnlyForDeploymentPostprocessing = 0;
		};
/* End PBXResourcesBuildPhase section */

/* Begin PBXSourcesBuildPhase section */
		C07319931AFBD65200213B9E /* Sources */ = {
			isa = PBXSourcesBuildPhase;
			buildActionMask = 2147483647;
			files = (
				C07319E61AFBD86100213B9E /* Repo.m in Sources */,
				C07319FE1AFBD88B00213B9E /* Importer.m in Sources */,
				C07319E31AFBD86100213B9E /* Fork+Persist.m in Sources */,
				C07319E41AFBD86100213B9E /* GityHub.xcdatamodeld in Sources */,
				C07319C91AFBD84D00213B9E /* GTRUtility.m in Sources */,
				C07319FB1AFBD88B00213B9E /* CollectionViewDataFetcher.m in Sources */,
				C07319F01AFBD87200213B9E /* UserCollectionViewCell.m in Sources */,
				C07319EA1AFBD86100213B9E /* Watch+Persist.m in Sources */,
				C07319A01AFBD65200213B9E /* AppDelegate.m in Sources */,
				C0731A2D1AFBF07A00213B9E /* CollectionViewDataFetcher_usedWith_UICV_plus_NSFRC.m in Sources */,
				C07319FF1AFBD88B00213B9E /* RepoDetailViewController.m in Sources */,
				C07319E21AFBD86100213B9E /* Fork.m in Sources */,
				C07319FD1AFBD88B00213B9E /* GitWebServices.m in Sources */,
				C07319E51AFBD86100213B9E /* NSManagedObject+Helpers.m in Sources */,
				C07319E01AFBD86100213B9E /* Event.m in Sources */,
				C07319E71AFBD86100213B9E /* Repo+Persist.m in Sources */,
				C07319A61AFBD65200213B9E /* ViewController.m in Sources */,
				C073199D1AFBD65200213B9E /* main.m in Sources */,
				C0731A2A1AFBEF1100213B9E /* UICollectionView+NSFetchedResultsController.m in Sources */,
				C07319E91AFBD86100213B9E /* Watch.m in Sources */,
				C07319FC1AFBD88B00213B9E /* EventsCollectionViewController.m in Sources */,
				C07319EF1AFBD87200213B9E /* EventCollectionViewCell.m in Sources */,
				C07319E81AFBD86100213B9E /* RepoObject.m in Sources */,
				C07319E11AFBD86100213B9E /* Event+Persist.m in Sources */,
			);
			runOnlyForDeploymentPostprocessing = 0;
		};
		C07319AF1AFBD65200213B9E /* Sources */ = {
			isa = PBXSourcesBuildPhase;
			buildActionMask = 2147483647;
			files = (
				C07319BA1AFBD65200213B9E /* GityHubTests.m in Sources */,
			);
			runOnlyForDeploymentPostprocessing = 0;
		};
/* End PBXSourcesBuildPhase section */

/* Begin PBXTargetDependency section */
		C07319B51AFBD65200213B9E /* PBXTargetDependency */ = {
			isa = PBXTargetDependency;
			target = C07319961AFBD65200213B9E /* GityHub */;
			targetProxy = C07319B41AFBD65200213B9E /* PBXContainerItemProxy */;
		};
/* End PBXTargetDependency section */

/* Begin PBXVariantGroup section */
		C0731A071AFBE34900213B9E /* EventCollectionViewCell.xib */ = {
			isa = PBXVariantGroup;
			children = (
				C0731A081AFBE34900213B9E /* Base */,
			);
			name = EventCollectionViewCell.xib;
			sourceTree = "<group>";
		};
		C0731A091AFBE34900213B9E /* EventsCollectionViewController.xib */ = {
			isa = PBXVariantGroup;
			children = (
				C0731A0A1AFBE34900213B9E /* Base */,
			);
			name = EventsCollectionViewController.xib;
			sourceTree = "<group>";
		};
		C0731A0B1AFBE34900213B9E /* LaunchScreen.xib */ = {
			isa = PBXVariantGroup;
			children = (
				C0731A0C1AFBE34900213B9E /* Base */,
			);
			name = LaunchScreen.xib;
			sourceTree = "<group>";
		};
		C0731A0D1AFBE34900213B9E /* Main.storyboard */ = {
			isa = PBXVariantGroup;
			children = (
				C0731A0E1AFBE34900213B9E /* Base */,
			);
			name = Main.storyboard;
			sourceTree = "<group>";
		};
		C0731A0F1AFBE34900213B9E /* RepoDetailViewController.xib */ = {
			isa = PBXVariantGroup;
			children = (
				C0731A101AFBE34900213B9E /* Base */,
			);
			name = RepoDetailViewController.xib;
			sourceTree = "<group>";
		};
		C0731A111AFBE34900213B9E /* UserCollectionViewCell.xib */ = {
			isa = PBXVariantGroup;
			children = (
				C0731A121AFBE34900213B9E /* Base */,
			);
			name = UserCollectionViewCell.xib;
			sourceTree = "<group>";
		};
/* End PBXVariantGroup section */

/* Begin XCBuildConfiguration section */
		C07319BB1AFBD65200213B9E /* Debug */ = {
			isa = XCBuildConfiguration;
			buildSettings = {
				ALWAYS_SEARCH_USER_PATHS = NO;
				CLANG_CXX_LANGUAGE_STANDARD = "gnu++0x";
				CLANG_CXX_LIBRARY = "libc++";
				CLANG_ENABLE_MODULES = YES;
				CLANG_ENABLE_OBJC_ARC = YES;
				CLANG_WARN_BOOL_CONVERSION = YES;
				CLANG_WARN_CONSTANT_CONVERSION = YES;
				CLANG_WARN_DIRECT_OBJC_ISA_USAGE = YES_ERROR;
				CLANG_WARN_EMPTY_BODY = YES;
				CLANG_WARN_ENUM_CONVERSION = YES;
				CLANG_WARN_INT_CONVERSION = YES;
				CLANG_WARN_OBJC_ROOT_CLASS = YES_ERROR;
				CLANG_WARN_UNREACHABLE_CODE = YES;
				CLANG_WARN__DUPLICATE_METHOD_MATCH = YES;
				"CODE_SIGN_IDENTITY[sdk=iphoneos*]" = "iPhone Developer";
				COPY_PHASE_STRIP = NO;
				DEBUG_INFORMATION_FORMAT = "dwarf-with-dsym";
				ENABLE_STRICT_OBJC_MSGSEND = YES;
				GCC_C_LANGUAGE_STANDARD = gnu99;
				GCC_DYNAMIC_NO_PIC = NO;
				GCC_NO_COMMON_BLOCKS = YES;
				GCC_OPTIMIZATION_LEVEL = 0;
				GCC_PREPROCESSOR_DEFINITIONS = (
					"DEBUG=1",
					"$(inherited)",
				);
				GCC_SYMBOLS_PRIVATE_EXTERN = NO;
				GCC_WARN_64_TO_32_BIT_CONVERSION = YES;
				GCC_WARN_ABOUT_RETURN_TYPE = YES_ERROR;
				GCC_WARN_UNDECLARED_SELECTOR = YES;
				GCC_WARN_UNINITIALIZED_AUTOS = YES_AGGRESSIVE;
				GCC_WARN_UNUSED_FUNCTION = YES;
				GCC_WARN_UNUSED_VARIABLE = YES;
				IPHONEOS_DEPLOYMENT_TARGET = 8.3;
				MTL_ENABLE_DEBUG_INFO = YES;
				ONLY_ACTIVE_ARCH = YES;
				SDKROOT = iphoneos;
				TARGETED_DEVICE_FAMILY = "1,2";
			};
			name = Debug;
		};
		C07319BC1AFBD65200213B9E /* Release */ = {
			isa = XCBuildConfiguration;
			buildSettings = {
				ALWAYS_SEARCH_USER_PATHS = NO;
				CLANG_CXX_LANGUAGE_STANDARD = "gnu++0x";
				CLANG_CXX_LIBRARY = "libc++";
				CLANG_ENABLE_MODULES = YES;
				CLANG_ENABLE_OBJC_ARC = YES;
				CLANG_WARN_BOOL_CONVERSION = YES;
				CLANG_WARN_CONSTANT_CONVERSION = YES;
				CLANG_WARN_DIRECT_OBJC_ISA_USAGE = YES_ERROR;
				CLANG_WARN_EMPTY_BODY = YES;
				CLANG_WARN_ENUM_CONVERSION = YES;
				CLANG_WARN_INT_CONVERSION = YES;
				CLANG_WARN_OBJC_ROOT_CLASS = YES_ERROR;
				CLANG_WARN_UNREACHABLE_CODE = YES;
				CLANG_WARN__DUPLICATE_METHOD_MATCH = YES;
				"CODE_SIGN_IDENTITY[sdk=iphoneos*]" = "iPhone Developer";
				COPY_PHASE_STRIP = NO;
				DEBUG_INFORMATION_FORMAT = "dwarf-with-dsym";
				ENABLE_NS_ASSERTIONS = NO;
				ENABLE_STRICT_OBJC_MSGSEND = YES;
				GCC_C_LANGUAGE_STANDARD = gnu99;
				GCC_NO_COMMON_BLOCKS = YES;
				GCC_WARN_64_TO_32_BIT_CONVERSION = YES;
				GCC_WARN_ABOUT_RETURN_TYPE = YES_ERROR;
				GCC_WARN_UNDECLARED_SELECTOR = YES;
				GCC_WARN_UNINITIALIZED_AUTOS = YES_AGGRESSIVE;
				GCC_WARN_UNUSED_FUNCTION = YES;
				GCC_WARN_UNUSED_VARIABLE = YES;
				IPHONEOS_DEPLOYMENT_TARGET = 8.3;
				MTL_ENABLE_DEBUG_INFO = NO;
				SDKROOT = iphoneos;
				TARGETED_DEVICE_FAMILY = "1,2";
				VALIDATE_PRODUCT = YES;
			};
			name = Release;
		};
		C07319BE1AFBD65200213B9E /* Debug */ = {
			isa = XCBuildConfiguration;
			buildSettings = {
				ASSETCATALOG_COMPILER_APPICON_NAME = AppIcon;
				INFOPLIST_FILE = GityHub/Info.plist;
				LD_RUNPATH_SEARCH_PATHS = "$(inherited) @executable_path/Frameworks";
				PRODUCT_NAME = "$(TARGET_NAME)";
			};
			name = Debug;
		};
		C07319BF1AFBD65200213B9E /* Release */ = {
			isa = XCBuildConfiguration;
			buildSettings = {
				ASSETCATALOG_COMPILER_APPICON_NAME = AppIcon;
				INFOPLIST_FILE = GityHub/Info.plist;
				LD_RUNPATH_SEARCH_PATHS = "$(inherited) @executable_path/Frameworks";
				PRODUCT_NAME = "$(TARGET_NAME)";
			};
			name = Release;
		};
		C07319C11AFBD65200213B9E /* Debug */ = {
			isa = XCBuildConfiguration;
			buildSettings = {
				BUNDLE_LOADER = "$(TEST_HOST)";
				FRAMEWORK_SEARCH_PATHS = (
					"$(SDKROOT)/Developer/Library/Frameworks",
					"$(inherited)",
				);
				GCC_PREPROCESSOR_DEFINITIONS = (
					"DEBUG=1",
					"$(inherited)",
				);
				INFOPLIST_FILE = GityHubTests/Info.plist;
				LD_RUNPATH_SEARCH_PATHS = "$(inherited) @executable_path/Frameworks @loader_path/Frameworks";
				PRODUCT_NAME = "$(TARGET_NAME)";
				TEST_HOST = "$(BUILT_PRODUCTS_DIR)/GityHub.app/GityHub";
			};
			name = Debug;
		};
		C07319C21AFBD65200213B9E /* Release */ = {
			isa = XCBuildConfiguration;
			buildSettings = {
				BUNDLE_LOADER = "$(TEST_HOST)";
				FRAMEWORK_SEARCH_PATHS = (
					"$(SDKROOT)/Developer/Library/Frameworks",
					"$(inherited)",
				);
				INFOPLIST_FILE = GityHubTests/Info.plist;
				LD_RUNPATH_SEARCH_PATHS = "$(inherited) @executable_path/Frameworks @loader_path/Frameworks";
				PRODUCT_NAME = "$(TARGET_NAME)";
				TEST_HOST = "$(BUILT_PRODUCTS_DIR)/GityHub.app/GityHub";
			};
			name = Release;
		};
/* End XCBuildConfiguration section */

/* Begin XCConfigurationList section */
		C07319921AFBD65200213B9E /* Build configuration list for PBXProject "GityHub" */ = {
			isa = XCConfigurationList;
			buildConfigurations = (
				C07319BB1AFBD65200213B9E /* Debug */,
				C07319BC1AFBD65200213B9E /* Release */,
			);
			defaultConfigurationIsVisible = 0;
			defaultConfigurationName = Release;
		};
		C07319BD1AFBD65200213B9E /* Build configuration list for PBXNativeTarget "GityHub" */ = {
			isa = XCConfigurationList;
			buildConfigurations = (
				C07319BE1AFBD65200213B9E /* Debug */,
				C07319BF1AFBD65200213B9E /* Release */,
			);
			defaultConfigurationIsVisible = 0;
			defaultConfigurationName = Release;
		};
		C07319C01AFBD65200213B9E /* Build configuration list for PBXNativeTarget "GityHubTests" */ = {
			isa = XCConfigurationList;
			buildConfigurations = (
				C07319C11AFBD65200213B9E /* Debug */,
				C07319C21AFBD65200213B9E /* Release */,
			);
			defaultConfigurationIsVisible = 0;
			defaultConfigurationName = Release;
		};
/* End XCConfigurationList section */

/* Begin XCVersionGroup section */
		C07319D21AFBD86100213B9E /* GityHub.xcdatamodeld */ = {
			isa = XCVersionGroup;
			children = (
				C07319D31AFBD86100213B9E /* Git_TaskRabbit.xcdatamodel */,
			);
			currentVersion = C07319D31AFBD86100213B9E /* Git_TaskRabbit.xcdatamodel */;
			name = GityHub.xcdatamodeld;
			path = Models/GityHub.xcdatamodeld;
			sourceTree = "<group>";
			versionGroupType = wrapper.xcdatamodel;
		};
/* End XCVersionGroup section */
	};
	rootObject = C073198F1AFBD65200213B9E /* Project object */;
}
